
Microsoft Visual Studio Solution File, Format Version 12.00
# Visual Studio Version 17
VisualStudioVersion = 17.4.33122.133
MinimumVisualStudioVersion = 10.0.40219.1
Project("{FAE04EC0-301F-11D3-BF4B-00C04F79EFBC}") = "Demo.RazorSeguro", "Demo.RazorSeguro\Demo.RazorSeguro.csproj", "{5F261A48-C467-4D30-A3C9-232F5BB12644}"
EndProject
Global
	GlobalSection(SolutionConfigurationPlatforms) = preSolution
		Debug|Any CPU = Debug|Any CPU
		Release|Any CPU = Release|Any CPU
	EndGlobalSection
	GlobalSection(ProjectConfigurationPlatforms) = postSolution
		{5F261A48-C467-4D30-A3C9-232F5BB12644}.Debug|Any CPU.ActiveCfg = Debug|Any CPU
		{5F261A48-C467-4D30-A3C9-232F5BB12644}.Debug|Any CPU.Build.0 = Debug|Any CPU
		{5F261A48-C467-4D30-A3C9-232F5BB12644}.Release|Any CPU.ActiveCfg = Release|Any CPU
		{5F261A48-C467-4D30-A3C9-232F5BB12644}.Release|Any CPU.Build.0 = Release|Any CPU
	EndGlobalSection
	GlobalSection(SolutionProperties) = preSolution
		HideSolutionNode = FALSE
	EndGlobalSection
	GlobalSection(ExtensibilityGlobals) = postSolution
		SolutionGuid = {2EAC96CB-6083-4E4B-902B-E1A43F68E894}
	EndGlobalSection
EndGlobal
